
Microsoft Visual Studio Solution File, Format Version 12.00
# Visual Studio Version 17
VisualStudioVersion = 17.5.33516.290
MinimumVisualStudioVersion = 10.0.40219.1
Project("{FAE04EC0-301F-11D3-BF4B-00C04F79EFBC}") = "ApiPruebaTec", "ApiPruebaTec\ApiPruebaTec.csproj", "{BB90B911-BA68-48EE-A604-218BF7257695}"
EndProject
Global
	GlobalSection(SolutionConfigurationPlatforms) = preSolution
		Debug|Any CPU = Debug|Any CPU
		Release|Any CPU = Release|Any CPU
	EndGlobalSection
	GlobalSection(ProjectConfigurationPlatforms) = postSolution
		{BB90B911-BA68-48EE-A604-218BF7257695}.Debug|Any CPU.ActiveCfg = Debug|Any CPU
		{BB90B911-BA68-48EE-A604-218BF7257695}.Debug|Any CPU.Build.0 = Debug|Any CPU
		{BB90B911-BA68-48EE-A604-218BF7257695}.Release|Any CPU.ActiveCfg = Release|Any CPU
		{BB90B911-BA68-48EE-A604-218BF7257695}.Release|Any CPU.Build.0 = Release|Any CPU
	EndGlobalSection
	GlobalSection(SolutionProperties) = preSolution
		HideSolutionNode = FALSE
	EndGlobalSection
	GlobalSection(ExtensibilityGlobals) = postSolution
		SolutionGuid = {888A5830-D3F6-4613-B1E4-726BB6BAB4DB}
	EndGlobalSection
EndGlobal
